
Microsoft Visual Studio Solution File, Format Version 12.00
# Visual Studio Version 16
VisualStudioVersion = 16.0.31829.152
MinimumVisualStudioVersion = 10.0.40219.1
Project("{FAE04EC0-301F-11D3-BF4B-00C04F79EFBC}") = "HeasDepo", "HeasDepo\HeasDepo.csproj", "{F542B5B7-F2E9-4903-BE06-57AD93E29E1D}"
EndProject
Global
	GlobalSection(SolutionConfigurationPlatforms) = preSolution
		Debug|Any CPU = Debug|Any CPU
		Release|Any CPU = Release|Any CPU
	EndGlobalSection
	GlobalSection(ProjectConfigurationPlatforms) = postSolution
		{F542B5B7-F2E9-4903-BE06-57AD93E29E1D}.Debug|Any CPU.ActiveCfg = Debug|Any CPU
		{F542B5B7-F2E9-4903-BE06-57AD93E29E1D}.Debug|Any CPU.Build.0 = Debug|Any CPU
		{F542B5B7-F2E9-4903-BE06-57AD93E29E1D}.Release|Any CPU.ActiveCfg = Release|Any CPU
		{F542B5B7-F2E9-4903-BE06-57AD93E29E1D}.Release|Any CPU.Build.0 = Release|Any CPU
	EndGlobalSection
	GlobalSection(SolutionProperties) = preSolution
		HideSolutionNode = FALSE
	EndGlobalSection
	GlobalSection(ExtensibilityGlobals) = postSolution
		SolutionGuid = {68D89CF2-314D-474C-AD93-E93BD9170939}
	EndGlobalSection
EndGlobal
